
Microsoft Visual Studio Solution File, Format Version 12.00
# Visual Studio Version 17
VisualStudioVersion = 17.2.32516.85
MinimumVisualStudioVersion = 10.0.40219.1
Project("{FAE04EC0-301F-11D3-BF4B-00C04F79EFBC}") = "Miscelanea01", "Miscelanea01\Miscelanea01.csproj", "{7D2C8025-CE68-4A48-AD4B-A5E19FB6262C}"
EndProject
Global
	GlobalSection(SolutionConfigurationPlatforms) = preSolution
		Debug|Any CPU = Debug|Any CPU
		Release|Any CPU = Release|Any CPU
	EndGlobalSection
	GlobalSection(ProjectConfigurationPlatforms) = postSolution
		{7D2C8025-CE68-4A48-AD4B-A5E19FB6262C}.Debug|Any CPU.ActiveCfg = Debug|Any CPU
		{7D2C8025-CE68-4A48-AD4B-A5E19FB6262C}.Debug|Any CPU.Build.0 = Debug|Any CPU
		{7D2C8025-CE68-4A48-AD4B-A5E19FB6262C}.Release|Any CPU.ActiveCfg = Release|Any CPU
		{7D2C8025-CE68-4A48-AD4B-A5E19FB6262C}.Release|Any CPU.Build.0 = Release|Any CPU
	EndGlobalSection
	GlobalSection(SolutionProperties) = preSolution
		HideSolutionNode = FALSE
	EndGlobalSection
	GlobalSection(ExtensibilityGlobals) = postSolution
		SolutionGuid = {F478C3DF-8AD8-46A3-BAEE-4D8C9750F60A}
	EndGlobalSection
EndGlobal
